// !$*UTF8*$!
{
	archiveVersion = 1;
	classes = {
	};
	objectVersion = 56;
	objects = {

/* Begin PBXBuildFile section */
		B7008EF22A32254A003E2E01 /* VerticalStackView.swift in Sources */ = {isa = PBXBuildFile; fileRef = B7008EF12A32254A003E2E01 /* VerticalStackView.swift */; };
		B7027C032A2A601A007D64D6 /* SelectableListModel.swift in Sources */ = {isa = PBXBuildFile; fileRef = B7027C022A2A601A007D64D6 /* SelectableListModel.swift */; };
		B7046C852A967F5A00F9A95C /* AugmentedRealityView.swift in Sources */ = {isa = PBXBuildFile; fileRef = B7046C842A967F5A00F9A95C /* AugmentedRealityView.swift */; };
		B7046C872A9680D900F9A95C /* AugmentedRealityViewModel.swift in Sources */ = {isa = PBXBuildFile; fileRef = B7046C862A9680D900F9A95C /* AugmentedRealityViewModel.swift */; };
		B712ED802A02C95B00BF84D0 /* AVKit.framework in Frameworks */ = {isa = PBXBuildFile; fileRef = B7B04BEE29E72A010015EA8D /* AVKit.framework */; };
		B712ED822A02C96700BF84D0 /* AVFoundation.framework in Frameworks */ = {isa = PBXBuildFile; fileRef = B712ED812A02C96700BF84D0 /* AVFoundation.framework */; };
		B72067672A333394009A785D /* TextInputView.swift in Sources */ = {isa = PBXBuildFile; fileRef = B72067662A333394009A785D /* TextInputView.swift */; };
		B7299E9B29E5D73800A3A989 /* AudioVideoView.swift in Sources */ = {isa = PBXBuildFile; fileRef = B7299E9A29E5D73800A3A989 /* AudioVideoView.swift */; };
		B72C5D2D2A30CA2600E77866 /* HorizontalStackView.swift in Sources */ = {isa = PBXBuildFile; fileRef = B72C5D2C2A30CA2600E77866 /* HorizontalStackView.swift */; };
		B73FBB392A780D47004A5334 /* ComponentScrollView.swift in Sources */ = {isa = PBXBuildFile; fileRef = B73FBB382A780D47004A5334 /* ComponentScrollView.swift */; };
		B74CEA7029B1D4A8002CB043 /* BasicGeometryReaderView.swift in Sources */ = {isa = PBXBuildFile; fileRef = B74CEA6F29B1D4A8002CB043 /* BasicGeometryReaderView.swift */; };
		B753A85E2A358469003958AE /* AnyLayoutView.swift in Sources */ = {isa = PBXBuildFile; fileRef = B753A85D2A358469003958AE /* AnyLayoutView.swift */; };
		B7605AD229C35D0A00602F8A /* AppStateObjectModel.swift in Sources */ = {isa = PBXBuildFile; fileRef = B7605AD129C35D0A00602F8A /* AppStateObjectModel.swift */; };
		B76A06FB2A073FC100974AD3 /* BottomSheetView.swift in Sources */ = {isa = PBXBuildFile; fileRef = B76A06FA2A073FC100974AD3 /* BottomSheetView.swift */; };
		B76A06FD2A07400A00974AD3 /* LazyVStackView.swift in Sources */ = {isa = PBXBuildFile; fileRef = B76A06FC2A07400A00974AD3 /* LazyVStackView.swift */; };
		B76A06FF2A07404100974AD3 /* SomeCustomRowView.swift in Sources */ = {isa = PBXBuildFile; fileRef = B76A06FE2A07404100974AD3 /* SomeCustomRowView.swift */; };
		B76A07012A07407700974AD3 /* ViewBuilderMaxLimitView.swift in Sources */ = {isa = PBXBuildFile; fileRef = B76A07002A07407700974AD3 /* ViewBuilderMaxLimitView.swift */; };
		B76E261929B34F6D007977AB /* OpenURLsExternalBrowserExamplesView.swift in Sources */ = {isa = PBXBuildFile; fileRef = B76E261829B34F6D007977AB /* OpenURLsExternalBrowserExamplesView.swift */; };
		B76FE8B029D7518E00BCAF51 /* NotificationsManager.swift in Sources */ = {isa = PBXBuildFile; fileRef = B76FE8AF29D7518E00BCAF51 /* NotificationsManager.swift */; };
		B76FE8B429D758C500BCAF51 /* payload.apns in Resources */ = {isa = PBXBuildFile; fileRef = B76FE8B329D758C500BCAF51 /* payload.apns */; };
		B772B3C72A517A2D00B78E73 /* Logger+Extension.swift in Sources */ = {isa = PBXBuildFile; fileRef = B772B3C62A517A2D00B78E73 /* Logger+Extension.swift */; };
		B787A2D929B115920090FCF7 /* SwiftUILearningsApp.swift in Sources */ = {isa = PBXBuildFile; fileRef = B787A2D829B115920090FCF7 /* SwiftUILearningsApp.swift */; };
		B787A2DB29B115920090FCF7 /* ContentView.swift in Sources */ = {isa = PBXBuildFile; fileRef = B787A2DA29B115920090FCF7 /* ContentView.swift */; };
		B787A2DD29B115960090FCF7 /* Assets.xcassets in Resources */ = {isa = PBXBuildFile; fileRef = B787A2DC29B115960090FCF7 /* Assets.xcassets */; };
		B787A2E029B115960090FCF7 /* Preview Assets.xcassets in Resources */ = {isa = PBXBuildFile; fileRef = B787A2DF29B115960090FCF7 /* Preview Assets.xcassets */; };
		B787A2EA29B115970090FCF7 /* SwiftUILearningsTests.swift in Sources */ = {isa = PBXBuildFile; fileRef = B787A2E929B115970090FCF7 /* SwiftUILearningsTests.swift */; };
		B787A2F429B115970090FCF7 /* SwiftUILearningsUITests.swift in Sources */ = {isa = PBXBuildFile; fileRef = B787A2F329B115970090FCF7 /* SwiftUILearningsUITests.swift */; };
		B787A2F629B115970090FCF7 /* SwiftUILearningsUITestsLaunchTests.swift in Sources */ = {isa = PBXBuildFile; fileRef = B787A2F529B115970090FCF7 /* SwiftUILearningsUITestsLaunchTests.swift */; };
		B796FDC129B5FC73004B5F87 /* webcontent in Resources */ = {isa = PBXBuildFile; fileRef = B796FDC029B5FC72004B5F87 /* webcontent */; };
		B796FDC329B6029A004B5F87 /* index.html in Resources */ = {isa = PBXBuildFile; fileRef = B796FDC229B6029A004B5F87 /* index.html */; };
		B796FDC529B602C4004B5F87 /* style.css in Resources */ = {isa = PBXBuildFile; fileRef = B796FDC429B602C4004B5F87 /* style.css */; };
		B79E6F8629C723EC008B81BB /* ExternalInitStateObject.swift in Sources */ = {isa = PBXBuildFile; fileRef = B79E6F8529C723EC008B81BB /* ExternalInitStateObject.swift */; };
		B7A183E029C3856700B864DE /* DataEssentialView.swift in Sources */ = {isa = PBXBuildFile; fileRef = B7A183DF29C3856700B864DE /* DataEssentialView.swift */; };
		B7A183E229C385A600B864DE /* DataEssentialStateObject.swift in Sources */ = {isa = PBXBuildFile; fileRef = B7A183E129C385A600B864DE /* DataEssentialStateObject.swift */; };
		B7A2D3B82A925CE0004E2988 /* AugmentedRealityContainerView.swift in Sources */ = {isa = PBXBuildFile; fileRef = B7A2D3B72A925CE0004E2988 /* AugmentedRealityContainerView.swift */; };
		B7A76AB429B2601F00163BDC /* BasicWebContentTechnologiesView.swift in Sources */ = {isa = PBXBuildFile; fileRef = B7A76AB329B2601F00163BDC /* BasicWebContentTechnologiesView.swift */; };
		B7AEDB6829EABD77007D634E /* Colors.xcassets in Resources */ = {isa = PBXBuildFile; fileRef = B7AEDB6729EABD77007D634E /* Colors.xcassets */; };
		B7AEDB6B29EABF35007D634E /* Color+Extension.swift in Sources */ = {isa = PBXBuildFile; fileRef = B7AEDB6A29EABF35007D634E /* Color+Extension.swift */; };
		B7B04BF329E72CA30015EA8D /* PDFFilesView.swift in Sources */ = {isa = PBXBuildFile; fileRef = B7B04BF229E72CA30015EA8D /* PDFFilesView.swift */; };
		B7B1DCBB29B3BFDB00FFC805 /* SafariWebView.swift in Sources */ = {isa = PBXBuildFile; fileRef = B7B1DCBA29B3BFDB00FFC805 /* SafariWebView.swift */; };
		B7B1DCBD29B3C20700FFC805 /* OpenURLsInAppBrowserExamplesView.swift in Sources */ = {isa = PBXBuildFile; fileRef = B7B1DCBC29B3C20700FFC805 /* OpenURLsInAppBrowserExamplesView.swift */; };
		B7B8F7EC2A26744F00FE32A7 /* ListView.swift in Sources */ = {isa = PBXBuildFile; fileRef = B7B8F7EB2A26744F00FE32A7 /* ListView.swift */; };
		B7C05D392A12A90C00AD7912 /* Enumerations.swift in Sources */ = {isa = PBXBuildFile; fileRef = B7C05D382A12A90C00AD7912 /* Enumerations.swift */; };
		B7C795A82A022D3D0092619B /* UIComponentsView.swift in Sources */ = {isa = PBXBuildFile; fileRef = B7C795A72A022D3D0092619B /* UIComponentsView.swift */; };
		B7C7E24D29E9C22A0089E0C1 /* CustomButtonStyles.swift in Sources */ = {isa = PBXBuildFile; fileRef = B7C7E24C29E9C22A0089E0C1 /* CustomButtonStyles.swift */; };
		B7D9AAED29FAF0C2001F5BFC /* PDFDocumentView.swift in Sources */ = {isa = PBXBuildFile; fileRef = B7D9AAEC29FAF0C2001F5BFC /* PDFDocumentView.swift */; };
		B7E129F729B4DEA7002E6B54 /* SwiftUIWKWebView.swift in Sources */ = {isa = PBXBuildFile; fileRef = B7E129F629B4DEA7002E6B54 /* SwiftUIWKWebView.swift */; };
		B7E24D5F2A89000700790D1A /* ChartsView.swift in Sources */ = {isa = PBXBuildFile; fileRef = B7E24D5E2A89000700790D1A /* ChartsView.swift */; };
		B7E24D632A8901A600790D1A /* ChartsModel.swift in Sources */ = {isa = PBXBuildFile; fileRef = B7E24D622A8901A600790D1A /* ChartsModel.swift */; };
		B7E24D652A89037900790D1A /* ChartsViewModel.swift in Sources */ = {isa = PBXBuildFile; fileRef = B7E24D642A89037900790D1A /* ChartsViewModel.swift */; };
		B7E9414529D89C820021B952 /* NotificationsView.swift in Sources */ = {isa = PBXBuildFile; fileRef = B7E9414429D89C820021B952 /* NotificationsView.swift */; };
/* End PBXBuildFile section */

/* Begin PBXContainerItemProxy section */
		B787A2E629B115970090FCF7 /* PBXContainerItemProxy */ = {
			isa = PBXContainerItemProxy;
			containerPortal = B787A2CD29B115920090FCF7 /* Project object */;
			proxyType = 1;
			remoteGlobalIDString = B787A2D429B115920090FCF7;
			remoteInfo = SwiftUILearnings;
		};
		B787A2F029B115970090FCF7 /* PBXContainerItemProxy */ = {
			isa = PBXContainerItemProxy;
			containerPortal = B787A2CD29B115920090FCF7 /* Project object */;
			proxyType = 1;
			remoteGlobalIDString = B787A2D429B115920090FCF7;
			remoteInfo = SwiftUILearnings;
		};
/* End PBXContainerItemProxy section */

/* Begin PBXFileReference section */
		B7008EF12A32254A003E2E01 /* VerticalStackView.swift */ = {isa = PBXFileReference; lastKnownFileType = sourcecode.swift; path = VerticalStackView.swift; sourceTree = "<group>"; };
		B7027C022A2A601A007D64D6 /* SelectableListModel.swift */ = {isa = PBXFileReference; lastKnownFileType = sourcecode.swift; path = SelectableListModel.swift; sourceTree = "<group>"; };
		B7046C842A967F5A00F9A95C /* AugmentedRealityView.swift */ = {isa = PBXFileReference; lastKnownFileType = sourcecode.swift; path = AugmentedRealityView.swift; sourceTree = "<group>"; };
		B7046C862A9680D900F9A95C /* AugmentedRealityViewModel.swift */ = {isa = PBXFileReference; lastKnownFileType = sourcecode.swift; path = AugmentedRealityViewModel.swift; sourceTree = "<group>"; };
		B712ED812A02C96700BF84D0 /* AVFoundation.framework */ = {isa = PBXFileReference; lastKnownFileType = wrapper.framework; name = AVFoundation.framework; path = System/Library/Frameworks/AVFoundation.framework; sourceTree = SDKROOT; };
		B72067662A333394009A785D /* TextInputView.swift */ = {isa = PBXFileReference; lastKnownFileType = sourcecode.swift; path = TextInputView.swift; sourceTree = "<group>"; };
		B7299E9A29E5D73800A3A989 /* AudioVideoView.swift */ = {isa = PBXFileReference; lastKnownFileType = sourcecode.swift; path = AudioVideoView.swift; sourceTree = "<group>"; };
		B72C5D2C2A30CA2600E77866 /* HorizontalStackView.swift */ = {isa = PBXFileReference; lastKnownFileType = sourcecode.swift; path = HorizontalStackView.swift; sourceTree = "<group>"; };
		B73FBB382A780D47004A5334 /* ComponentScrollView.swift */ = {isa = PBXFileReference; lastKnownFileType = sourcecode.swift; path = ComponentScrollView.swift; sourceTree = "<group>"; };
		B74CEA6F29B1D4A8002CB043 /* BasicGeometryReaderView.swift */ = {isa = PBXFileReference; lastKnownFileType = sourcecode.swift; path = BasicGeometryReaderView.swift; sourceTree = "<group>"; };
		B753A85D2A358469003958AE /* AnyLayoutView.swift */ = {isa = PBXFileReference; lastKnownFileType = sourcecode.swift; path = AnyLayoutView.swift; sourceTree = "<group>"; };
		B7605AD129C35D0A00602F8A /* AppStateObjectModel.swift */ = {isa = PBXFileReference; lastKnownFileType = sourcecode.swift; path = AppStateObjectModel.swift; sourceTree = "<group>"; };
		B76A06FA2A073FC100974AD3 /* BottomSheetView.swift */ = {isa = PBXFileReference; lastKnownFileType = sourcecode.swift; path = BottomSheetView.swift; sourceTree = "<group>"; };
		B76A06FC2A07400A00974AD3 /* LazyVStackView.swift */ = {isa = PBXFileReference; lastKnownFileType = sourcecode.swift; path = LazyVStackView.swift; sourceTree = "<group>"; };
		B76A06FE2A07404100974AD3 /* SomeCustomRowView.swift */ = {isa = PBXFileReference; lastKnownFileType = sourcecode.swift; path = SomeCustomRowView.swift; sourceTree = "<group>"; };
		B76A07002A07407700974AD3 /* ViewBuilderMaxLimitView.swift */ = {isa = PBXFileReference; lastKnownFileType = sourcecode.swift; path = ViewBuilderMaxLimitView.swift; sourceTree = "<group>"; };
		B76E261729B33D90007977AB /* Info.plist */ = {isa = PBXFileReference; lastKnownFileType = text.plist; path = Info.plist; sourceTree = "<group>"; };
		B76E261829B34F6D007977AB /* OpenURLsExternalBrowserExamplesView.swift */ = {isa = PBXFileReference; lastKnownFileType = sourcecode.swift; path = OpenURLsExternalBrowserExamplesView.swift; sourceTree = "<group>"; };
		B76FE8AF29D7518E00BCAF51 /* NotificationsManager.swift */ = {isa = PBXFileReference; lastKnownFileType = sourcecode.swift; path = NotificationsManager.swift; sourceTree = "<group>"; };
		B76FE8B329D758C500BCAF51 /* payload.apns */ = {isa = PBXFileReference; fileEncoding = 4; lastKnownFileType = text; path = payload.apns; sourceTree = "<group>"; };
		B772B3C62A517A2D00B78E73 /* Logger+Extension.swift */ = {isa = PBXFileReference; lastKnownFileType = sourcecode.swift; path = "Logger+Extension.swift"; sourceTree = "<group>"; };
		B787A2D529B115920090FCF7 /* SwiftUILearnings.app */ = {isa = PBXFileReference; explicitFileType = wrapper.application; includeInIndex = 0; path = SwiftUILearnings.app; sourceTree = BUILT_PRODUCTS_DIR; };
		B787A2D829B115920090FCF7 /* SwiftUILearningsApp.swift */ = {isa = PBXFileReference; lastKnownFileType = sourcecode.swift; path = SwiftUILearningsApp.swift; sourceTree = "<group>"; };
		B787A2DA29B115920090FCF7 /* ContentView.swift */ = {isa = PBXFileReference; lastKnownFileType = sourcecode.swift; path = ContentView.swift; sourceTree = "<group>"; };
		B787A2DC29B115960090FCF7 /* Assets.xcassets */ = {isa = PBXFileReference; lastKnownFileType = folder.assetcatalog; path = Assets.xcassets; sourceTree = "<group>"; };
		B787A2DF29B115960090FCF7 /* Preview Assets.xcassets */ = {isa = PBXFileReference; lastKnownFileType = folder.assetcatalog; path = "Preview Assets.xcassets"; sourceTree = "<group>"; };
		B787A2E529B115970090FCF7 /* SwiftUILearningsTests.xctest */ = {isa = PBXFileReference; explicitFileType = wrapper.cfbundle; includeInIndex = 0; path = SwiftUILearningsTests.xctest; sourceTree = BUILT_PRODUCTS_DIR; };
		B787A2E929B115970090FCF7 /* SwiftUILearningsTests.swift */ = {isa = PBXFileReference; lastKnownFileType = sourcecode.swift; path = SwiftUILearningsTests.swift; sourceTree = "<group>"; };
		B787A2EF29B115970090FCF7 /* SwiftUILearningsUITests.xctest */ = {isa = PBXFileReference; explicitFileType = wrapper.cfbundle; includeInIndex = 0; path = SwiftUILearningsUITests.xctest; sourceTree = BUILT_PRODUCTS_DIR; };
		B787A2F329B115970090FCF7 /* SwiftUILearningsUITests.swift */ = {isa = PBXFileReference; lastKnownFileType = sourcecode.swift; path = SwiftUILearningsUITests.swift; sourceTree = "<group>"; };
		B787A2F529B115970090FCF7 /* SwiftUILearningsUITestsLaunchTests.swift */ = {isa = PBXFileReference; lastKnownFileType = sourcecode.swift; path = SwiftUILearningsUITestsLaunchTests.swift; sourceTree = "<group>"; };
		B796FDC029B5FC72004B5F87 /* webcontent */ = {isa = PBXFileReference; lastKnownFileType = folder; path = webcontent; sourceTree = "<group>"; };
		B796FDC229B6029A004B5F87 /* index.html */ = {isa = PBXFileReference; lastKnownFileType = text.html; name = index.html; path = SwiftUILearnings/webcontent/index.html; sourceTree = "<group>"; };
		B796FDC429B602C4004B5F87 /* style.css */ = {isa = PBXFileReference; lastKnownFileType = text.css; name = style.css; path = SwiftUILearnings/webcontent/styles/style.css; sourceTree = "<group>"; };
		B79E6F8529C723EC008B81BB /* ExternalInitStateObject.swift */ = {isa = PBXFileReference; lastKnownFileType = sourcecode.swift; path = ExternalInitStateObject.swift; sourceTree = "<group>"; };
		B7A183DF29C3856700B864DE /* DataEssentialView.swift */ = {isa = PBXFileReference; lastKnownFileType = sourcecode.swift; path = DataEssentialView.swift; sourceTree = "<group>"; };
		B7A183E129C385A600B864DE /* DataEssentialStateObject.swift */ = {isa = PBXFileReference; lastKnownFileType = sourcecode.swift; path = DataEssentialStateObject.swift; sourceTree = "<group>"; };
		B7A2D3B72A925CE0004E2988 /* AugmentedRealityContainerView.swift */ = {isa = PBXFileReference; lastKnownFileType = sourcecode.swift; path = AugmentedRealityContainerView.swift; sourceTree = "<group>"; };
		B7A76AB329B2601F00163BDC /* BasicWebContentTechnologiesView.swift */ = {isa = PBXFileReference; lastKnownFileType = sourcecode.swift; path = BasicWebContentTechnologiesView.swift; sourceTree = "<group>"; };
		B7AEDB6729EABD77007D634E /* Colors.xcassets */ = {isa = PBXFileReference; lastKnownFileType = folder.assetcatalog; path = Colors.xcassets; sourceTree = "<group>"; };
		B7AEDB6A29EABF35007D634E /* Color+Extension.swift */ = {isa = PBXFileReference; lastKnownFileType = sourcecode.swift; path = "Color+Extension.swift"; sourceTree = "<group>"; };
		B7B04BEE29E72A010015EA8D /* AVKit.framework */ = {isa = PBXFileReference; lastKnownFileType = wrapper.framework; name = AVKit.framework; path = System/Library/Frameworks/AVKit.framework; sourceTree = SDKROOT; };
		B7B04BF229E72CA30015EA8D /* PDFFilesView.swift */ = {isa = PBXFileReference; lastKnownFileType = sourcecode.swift; path = PDFFilesView.swift; sourceTree = "<group>"; };
		B7B1DCBA29B3BFDB00FFC805 /* SafariWebView.swift */ = {isa = PBXFileReference; lastKnownFileType = sourcecode.swift; path = SafariWebView.swift; sourceTree = "<group>"; };
		B7B1DCBC29B3C20700FFC805 /* OpenURLsInAppBrowserExamplesView.swift */ = {isa = PBXFileReference; lastKnownFileType = sourcecode.swift; path = OpenURLsInAppBrowserExamplesView.swift; sourceTree = "<group>"; };
		B7B8F7EB2A26744F00FE32A7 /* ListView.swift */ = {isa = PBXFileReference; lastKnownFileType = sourcecode.swift; path = ListView.swift; sourceTree = "<group>"; };
		B7C05D382A12A90C00AD7912 /* Enumerations.swift */ = {isa = PBXFileReference; lastKnownFileType = sourcecode.swift; path = Enumerations.swift; sourceTree = "<group>"; };
		B7C795A72A022D3D0092619B /* UIComponentsView.swift */ = {isa = PBXFileReference; lastKnownFileType = sourcecode.swift; path = UIComponentsView.swift; sourceTree = "<group>"; };
		B7C7E24C29E9C22A0089E0C1 /* CustomButtonStyles.swift */ = {isa = PBXFileReference; lastKnownFileType = sourcecode.swift; path = CustomButtonStyles.swift; sourceTree = "<group>"; };
		B7D9AAEC29FAF0C2001F5BFC /* PDFDocumentView.swift */ = {isa = PBXFileReference; lastKnownFileType = sourcecode.swift; path = PDFDocumentView.swift; sourceTree = "<group>"; };
		B7E129F629B4DEA7002E6B54 /* SwiftUIWKWebView.swift */ = {isa = PBXFileReference; lastKnownFileType = sourcecode.swift; path = SwiftUIWKWebView.swift; sourceTree = "<group>"; };
		B7E24D5E2A89000700790D1A /* ChartsView.swift */ = {isa = PBXFileReference; lastKnownFileType = sourcecode.swift; path = ChartsView.swift; sourceTree = "<group>"; };
		B7E24D622A8901A600790D1A /* ChartsModel.swift */ = {isa = PBXFileReference; lastKnownFileType = sourcecode.swift; path = ChartsModel.swift; sourceTree = "<group>"; };
		B7E24D642A89037900790D1A /* ChartsViewModel.swift */ = {isa = PBXFileReference; lastKnownFileType = sourcecode.swift; path = ChartsViewModel.swift; sourceTree = "<group>"; };
		B7E9414429D89C820021B952 /* NotificationsView.swift */ = {isa = PBXFileReference; lastKnownFileType = sourcecode.swift; path = NotificationsView.swift; sourceTree = "<group>"; };
/* End PBXFileReference section */

/* Begin PBXFrameworksBuildPhase section */
		B787A2D229B115920090FCF7 /* Frameworks */ = {
			isa = PBXFrameworksBuildPhase;
			buildActionMask = 2147483647;
			files = (
				B712ED822A02C96700BF84D0 /* AVFoundation.framework in Frameworks */,
				B712ED802A02C95B00BF84D0 /* AVKit.framework in Frameworks */,
			);
			runOnlyForDeploymentPostprocessing = 0;
		};
		B787A2E229B115970090FCF7 /* Frameworks */ = {
			isa = PBXFrameworksBuildPhase;
			buildActionMask = 2147483647;
			files = (
			);
			runOnlyForDeploymentPostprocessing = 0;
		};
		B787A2EC29B115970090FCF7 /* Frameworks */ = {
			isa = PBXFrameworksBuildPhase;
			buildActionMask = 2147483647;
			files = (
			);
			runOnlyForDeploymentPostprocessing = 0;
		};
/* End PBXFrameworksBuildPhase section */

/* Begin PBXGroup section */
		B74CEA6C29B1CF31002CB043 /* GeometryReader */ = {
			isa = PBXGroup;
			children = (
				B74CEA6F29B1D4A8002CB043 /* BasicGeometryReaderView.swift */,
			);
			path = GeometryReader;
			sourceTree = "<group>";
		};
		B7605AD029C35CC700602F8A /* Models */ = {
			isa = PBXGroup;
			children = (
				B7605AD129C35D0A00602F8A /* AppStateObjectModel.swift */,
				B7A183E129C385A600B864DE /* DataEssentialStateObject.swift */,
				B79E6F8529C723EC008B81BB /* ExternalInitStateObject.swift */,
				B7027C022A2A601A007D64D6 /* SelectableListModel.swift */,
			);
			path = Models;
			sourceTree = "<group>";
		};
		B76FE8AE29D7516D00BCAF51 /* Notifications */ = {
			isa = PBXGroup;
			children = (
				B76FE8AF29D7518E00BCAF51 /* NotificationsManager.swift */,
				B7E9414429D89C820021B952 /* NotificationsView.swift */,
			);
			path = Notifications;
			sourceTree = "<group>";
		};
		B76FE8B229D7588E00BCAF51 /* Resources */ = {
			isa = PBXGroup;
			children = (
				B76FE8B329D758C500BCAF51 /* payload.apns */,
				B7AEDB6729EABD77007D634E /* Colors.xcassets */,
			);
			path = Resources;
			sourceTree = "<group>";
		};
		B787A2CC29B115920090FCF7 = {
			isa = PBXGroup;
			children = (
				B796FDC429B602C4004B5F87 /* style.css */,
				B796FDC229B6029A004B5F87 /* index.html */,
				B787A2D729B115920090FCF7 /* SwiftUILearnings */,
				B787A2E829B115970090FCF7 /* SwiftUILearningsTests */,
				B787A2F229B115970090FCF7 /* SwiftUILearningsUITests */,
				B787A2D629B115920090FCF7 /* Products */,
				B7B04BED29E72A000015EA8D /* Frameworks */,
			);
			sourceTree = "<group>";
		};
		B787A2D629B115920090FCF7 /* Products */ = {
			isa = PBXGroup;
			children = (
				B787A2D529B115920090FCF7 /* SwiftUILearnings.app */,
				B787A2E529B115970090FCF7 /* SwiftUILearningsTests.xctest */,
				B787A2EF29B115970090FCF7 /* SwiftUILearningsUITests.xctest */,
			);
			name = Products;
			sourceTree = "<group>";
		};
		B787A2D729B115920090FCF7 /* SwiftUILearnings */ = {
			isa = PBXGroup;
			children = (
				B7A2D3B62A925C4C004E2988 /* AugmentedReality */,
				B7E24D5D2A88FFED00790D1A /* Charts */,
				B7C05D372A12A7F500AD7912 /* Common */,
				B7D9AAEB29FAF095001F5BFC /* PDF */,
				B7AEDB6929EABF09007D634E /* Extensions */,
				B787A2D829B115920090FCF7 /* SwiftUILearningsApp.swift */,
				B787A2DA29B115920090FCF7 /* ContentView.swift */,
				B7C7E24829E9C0920089E0C1 /* Components */,
				B76FE8AE29D7516D00BCAF51 /* Notifications */,
				B7A183DE29C3849000B864DE /* DataEssentials */,
				B7605AD029C35CC700602F8A /* Models */,
				B74CEA6C29B1CF31002CB043 /* GeometryReader */,
				B7A76AB229B25FA500163BDC /* WebContentTechnologies */,
				B796FDC029B5FC72004B5F87 /* webcontent */,
				B76E261729B33D90007977AB /* Info.plist */,
				B76FE8B229D7588E00BCAF51 /* Resources */,
				B787A2DC29B115960090FCF7 /* Assets.xcassets */,
				B787A2DE29B115960090FCF7 /* Preview Content */,
				B7299E9A29E5D73800A3A989 /* AudioVideoView.swift */,
			);
			path = SwiftUILearnings;
			sourceTree = "<group>";
		};
		B787A2DE29B115960090FCF7 /* Preview Content */ = {
			isa = PBXGroup;
			children = (
				B787A2DF29B115960090FCF7 /* Preview Assets.xcassets */,
			);
			path = "Preview Content";
			sourceTree = "<group>";
		};
		B787A2E829B115970090FCF7 /* SwiftUILearningsTests */ = {
			isa = PBXGroup;
			children = (
				B787A2E929B115970090FCF7 /* SwiftUILearningsTests.swift */,
			);
			path = SwiftUILearningsTests;
			sourceTree = "<group>";
		};
		B787A2F229B115970090FCF7 /* SwiftUILearningsUITests */ = {
			isa = PBXGroup;
			children = (
				B787A2F329B115970090FCF7 /* SwiftUILearningsUITests.swift */,
				B787A2F529B115970090FCF7 /* SwiftUILearningsUITestsLaunchTests.swift */,
			);
			path = SwiftUILearningsUITests;
			sourceTree = "<group>";
		};
		B7A183DE29C3849000B864DE /* DataEssentials */ = {
			isa = PBXGroup;
			children = (
				B7A183DF29C3856700B864DE /* DataEssentialView.swift */,
			);
			path = DataEssentials;
			sourceTree = "<group>";
		};
		B7A2D3B62A925C4C004E2988 /* AugmentedReality */ = {
			isa = PBXGroup;
			children = (
				B7A2D3B72A925CE0004E2988 /* AugmentedRealityContainerView.swift */,
				B7046C842A967F5A00F9A95C /* AugmentedRealityView.swift */,
				B7046C862A9680D900F9A95C /* AugmentedRealityViewModel.swift */,
			);
			path = AugmentedReality;
			sourceTree = "<group>";
		};
		B7A76AB229B25FA500163BDC /* WebContentTechnologies */ = {
			isa = PBXGroup;
			children = (
				B7A76AB329B2601F00163BDC /* BasicWebContentTechnologiesView.swift */,
				B76E261829B34F6D007977AB /* OpenURLsExternalBrowserExamplesView.swift */,
				B7B1DCBA29B3BFDB00FFC805 /* SafariWebView.swift */,
				B7B1DCBC29B3C20700FFC805 /* OpenURLsInAppBrowserExamplesView.swift */,
				B7E129F629B4DEA7002E6B54 /* SwiftUIWKWebView.swift */,
			);
			path = WebContentTechnologies;
			sourceTree = "<group>";
		};
		B7AEDB6929EABF09007D634E /* Extensions */ = {
			isa = PBXGroup;
			children = (
				B7AEDB6A29EABF35007D634E /* Color+Extension.swift */,
				B772B3C62A517A2D00B78E73 /* Logger+Extension.swift */,
			);
			path = Extensions;
			sourceTree = "<group>";
		};
		B7B04BED29E72A000015EA8D /* Frameworks */ = {
			isa = PBXGroup;
			children = (
				B712ED812A02C96700BF84D0 /* AVFoundation.framework */,
				B7B04BEE29E72A010015EA8D /* AVKit.framework */,
			);
			name = Frameworks;
			sourceTree = "<group>";
		};
		B7C05D372A12A7F500AD7912 /* Common */ = {
			isa = PBXGroup;
			children = (
				B7C05D382A12A90C00AD7912 /* Enumerations.swift */,
			);
			path = Common;
			sourceTree = "<group>";
		};
		B7C7E24829E9C0920089E0C1 /* Components */ = {
			isa = PBXGroup;
			children = (
				B7C7E24929E9C0B80089E0C1 /* Buttons */,
				B7C795A72A022D3D0092619B /* UIComponentsView.swift */,
				B76A06FA2A073FC100974AD3 /* BottomSheetView.swift */,
				B76A06FC2A07400A00974AD3 /* LazyVStackView.swift */,
				B76A06FE2A07404100974AD3 /* SomeCustomRowView.swift */,
				B76A07002A07407700974AD3 /* ViewBuilderMaxLimitView.swift */,
				B7B8F7EB2A26744F00FE32A7 /* ListView.swift */,
				B72C5D2C2A30CA2600E77866 /* HorizontalStackView.swift */,
				B7008EF12A32254A003E2E01 /* VerticalStackView.swift */,
				B72067662A333394009A785D /* TextInputView.swift */,
				B753A85D2A358469003958AE /* AnyLayoutView.swift */,
				B73FBB382A780D47004A5334 /* ComponentScrollView.swift */,
			);
			path = Components;
			sourceTree = "<group>";
		};
		B7C7E24929E9C0B80089E0C1 /* Buttons */ = {
			isa = PBXGroup;
			children = (
				B7C7E24C29E9C22A0089E0C1 /* CustomButtonStyles.swift */,
			);
			path = Buttons;
			sourceTree = "<group>";
		};
		B7D9AAEB29FAF095001F5BFC /* PDF */ = {
			isa = PBXGroup;
			children = (
				B7B04BF229E72CA30015EA8D /* PDFFilesView.swift */,
				B7D9AAEC29FAF0C2001F5BFC /* PDFDocumentView.swift */,
			);
			path = PDF;
			sourceTree = "<group>";
		};
		B7E24D5D2A88FFED00790D1A /* Charts */ = {
			isa = PBXGroup;
			children = (
				B7E24D5E2A89000700790D1A /* ChartsView.swift */,
				B7E24D622A8901A600790D1A /* ChartsModel.swift */,
				B7E24D642A89037900790D1A /* ChartsViewModel.swift */,
			);
			path = Charts;
			sourceTree = "<group>";
		};
/* End PBXGroup section */

/* Begin PBXNativeTarget section */
		B787A2D429B115920090FCF7 /* SwiftUILearnings */ = {
			isa = PBXNativeTarget;
			buildConfigurationList = B787A2F929B115970090FCF7 /* Build configuration list for PBXNativeTarget "SwiftUILearnings" */;
			buildPhases = (
				B787A2D129B115920090FCF7 /* Sources */,
				B787A2D229B115920090FCF7 /* Frameworks */,
				B787A2D329B115920090FCF7 /* Resources */,
			);
			buildRules = (
			);
			dependencies = (
			);
			name = SwiftUILearnings;
			productName = SwiftUILearnings;
			productReference = B787A2D529B115920090FCF7 /* SwiftUILearnings.app */;
			productType = "com.apple.product-type.application";
		};
		B787A2E429B115970090FCF7 /* SwiftUILearningsTests */ = {
			isa = PBXNativeTarget;
			buildConfigurationList = B787A2FC29B115970090FCF7 /* Build configuration list for PBXNativeTarget "SwiftUILearningsTests" */;
			buildPhases = (
				B787A2E129B115970090FCF7 /* Sources */,
				B787A2E229B115970090FCF7 /* Frameworks */,
				B787A2E329B115970090FCF7 /* Resources */,
			);
			buildRules = (
			);
			dependencies = (
				B787A2E729B115970090FCF7 /* PBXTargetDependency */,
			);
			name = SwiftUILearningsTests;
			productName = SwiftUILearningsTests;
			productReference = B787A2E529B115970090FCF7 /* SwiftUILearningsTests.xctest */;
			productType = "com.apple.product-type.bundle.unit-test";
		};
		B787A2EE29B115970090FCF7 /* SwiftUILearningsUITests */ = {
			isa = PBXNativeTarget;
			buildConfigurationList = B787A2FF29B115970090FCF7 /* Build configuration list for PBXNativeTarget "SwiftUILearningsUITests" */;
			buildPhases = (
				B787A2EB29B115970090FCF7 /* Sources */,
				B787A2EC29B115970090FCF7 /* Frameworks */,
				B787A2ED29B115970090FCF7 /* Resources */,
			);
			buildRules = (
			);
			dependencies = (
				B787A2F129B115970090FCF7 /* PBXTargetDependency */,
			);
			name = SwiftUILearningsUITests;
			productName = SwiftUILearningsUITests;
			productReference = B787A2EF29B115970090FCF7 /* SwiftUILearningsUITests.xctest */;
			productType = "com.apple.product-type.bundle.ui-testing";
		};
/* End PBXNativeTarget section */

/* Begin PBXProject section */
		B787A2CD29B115920090FCF7 /* Project object */ = {
			isa = PBXProject;
			attributes = {
				BuildIndependentTargetsInParallel = 1;
				LastSwiftUpdateCheck = 1420;
				LastUpgradeCheck = 1420;
				TargetAttributes = {
					B787A2D429B115920090FCF7 = {
						CreatedOnToolsVersion = 14.2;
					};
					B787A2E429B115970090FCF7 = {
						CreatedOnToolsVersion = 14.2;
						TestTargetID = B787A2D429B115920090FCF7;
					};
					B787A2EE29B115970090FCF7 = {
						CreatedOnToolsVersion = 14.2;
						TestTargetID = B787A2D429B115920090FCF7;
					};
				};
			};
			buildConfigurationList = B787A2D029B115920090FCF7 /* Build configuration list for PBXProject "SwiftUILearnings" */;
			compatibilityVersion = "Xcode 14.0";
			developmentRegion = en;
			hasScannedForEncodings = 0;
			knownRegions = (
				en,
				Base,
			);
			mainGroup = B787A2CC29B115920090FCF7;
			productRefGroup = B787A2D629B115920090FCF7 /* Products */;
			projectDirPath = "";
			projectRoot = "";
			targets = (
				B787A2D429B115920090FCF7 /* SwiftUILearnings */,
				B787A2E429B115970090FCF7 /* SwiftUILearningsTests */,
				B787A2EE29B115970090FCF7 /* SwiftUILearningsUITests */,
			);
		};
/* End PBXProject section */

/* Begin PBXResourcesBuildPhase section */
		B787A2D329B115920090FCF7 /* Resources */ = {
			isa = PBXResourcesBuildPhase;
			buildActionMask = 2147483647;
			files = (
				B76FE8B429D758C500BCAF51 /* payload.apns in Resources */,
				B796FDC529B602C4004B5F87 /* style.css in Resources */,
				B796FDC329B6029A004B5F87 /* index.html in Resources */,
				B787A2E029B115960090FCF7 /* Preview Assets.xcassets in Resources */,
				B787A2DD29B115960090FCF7 /* Assets.xcassets in Resources */,
				B796FDC129B5FC73004B5F87 /* webcontent in Resources */,
				B7AEDB6829EABD77007D634E /* Colors.xcassets in Resources */,
			);
			runOnlyForDeploymentPostprocessing = 0;
		};
		B787A2E329B115970090FCF7 /* Resources */ = {
			isa = PBXResourcesBuildPhase;
			buildActionMask = 2147483647;
			files = (
			);
			runOnlyForDeploymentPostprocessing = 0;
		};
		B787A2ED29B115970090FCF7 /* Resources */ = {
			isa = PBXResourcesBuildPhase;
			buildActionMask = 2147483647;
			files = (
			);
			runOnlyForDeploymentPostprocessing = 0;
		};
/* End PBXResourcesBuildPhase section */

/* Begin PBXSourcesBuildPhase section */
		B787A2D129B115920090FCF7 /* Sources */ = {
			isa = PBXSourcesBuildPhase;
			buildActionMask = 2147483647;
			files = (
				B753A85E2A358469003958AE /* AnyLayoutView.swift in Sources */,
				B7E24D652A89037900790D1A /* ChartsViewModel.swift in Sources */,
				B7C795A82A022D3D0092619B /* UIComponentsView.swift in Sources */,
				B7605AD229C35D0A00602F8A /* AppStateObjectModel.swift in Sources */,
				B76A06FF2A07404100974AD3 /* SomeCustomRowView.swift in Sources */,
				B7AEDB6B29EABF35007D634E /* Color+Extension.swift in Sources */,
				B7027C032A2A601A007D64D6 /* SelectableListModel.swift in Sources */,
				B7008EF22A32254A003E2E01 /* VerticalStackView.swift in Sources */,
				B76E261929B34F6D007977AB /* OpenURLsExternalBrowserExamplesView.swift in Sources */,
				B7046C872A9680D900F9A95C /* AugmentedRealityViewModel.swift in Sources */,
				B7B1DCBD29B3C20700FFC805 /* OpenURLsInAppBrowserExamplesView.swift in Sources */,
				B79E6F8629C723EC008B81BB /* ExternalInitStateObject.swift in Sources */,
				B7A183E029C3856700B864DE /* DataEssentialView.swift in Sources */,
				B7046C852A967F5A00F9A95C /* AugmentedRealityView.swift in Sources */,
				B7B04BF329E72CA30015EA8D /* PDFFilesView.swift in Sources */,
				B74CEA7029B1D4A8002CB043 /* BasicGeometryReaderView.swift in Sources */,
				B7E24D5F2A89000700790D1A /* ChartsView.swift in Sources */,
				B72C5D2D2A30CA2600E77866 /* HorizontalStackView.swift in Sources */,
				B7E24D632A8901A600790D1A /* ChartsModel.swift in Sources */,
				B76A07012A07407700974AD3 /* ViewBuilderMaxLimitView.swift in Sources */,
				B7C7E24D29E9C22A0089E0C1 /* CustomButtonStyles.swift in Sources */,
				B787A2DB29B115920090FCF7 /* ContentView.swift in Sources */,
				B7C05D392A12A90C00AD7912 /* Enumerations.swift in Sources */,
				B7B8F7EC2A26744F00FE32A7 /* ListView.swift in Sources */,
				B76A06FB2A073FC100974AD3 /* BottomSheetView.swift in Sources */,
				B7299E9B29E5D73800A3A989 /* AudioVideoView.swift in Sources */,
				B72067672A333394009A785D /* TextInputView.swift in Sources */,
				B7A183E229C385A600B864DE /* DataEssentialStateObject.swift in Sources */,
				B7A76AB429B2601F00163BDC /* BasicWebContentTechnologiesView.swift in Sources */,
				B73FBB392A780D47004A5334 /* ComponentScrollView.swift in Sources */,
				B787A2D929B115920090FCF7 /* SwiftUILearningsApp.swift in Sources */,
				B772B3C72A517A2D00B78E73 /* Logger+Extension.swift in Sources */,
				B76A06FD2A07400A00974AD3 /* LazyVStackView.swift in Sources */,
				B76FE8B029D7518E00BCAF51 /* NotificationsManager.swift in Sources */,
				B7B1DCBB29B3BFDB00FFC805 /* SafariWebView.swift in Sources */,
				B7E129F729B4DEA7002E6B54 /* SwiftUIWKWebView.swift in Sources */,
				B7D9AAED29FAF0C2001F5BFC /* PDFDocumentView.swift in Sources */,
				B7A2D3B82A925CE0004E2988 /* AugmentedRealityContainerView.swift in Sources */,
				B7E9414529D89C820021B952 /* NotificationsView.swift in Sources */,
			);
			runOnlyForDeploymentPostprocessing = 0;
		};
		B787A2E129B115970090FCF7 /* Sources */ = {
			isa = PBXSourcesBuildPhase;
			buildActionMask = 2147483647;
			files = (
				B787A2EA29B115970090FCF7 /* SwiftUILearningsTests.swift in Sources */,
			);
			runOnlyForDeploymentPostprocessing = 0;
		};
		B787A2EB29B115970090FCF7 /* Sources */ = {
			isa = PBXSourcesBuildPhase;
			buildActionMask = 2147483647;
			files = (
				B787A2F629B115970090FCF7 /* SwiftUILearningsUITestsLaunchTests.swift in Sources */,
				B787A2F429B115970090FCF7 /* SwiftUILearningsUITests.swift in Sources */,
			);
			runOnlyForDeploymentPostprocessing = 0;
		};
/* End PBXSourcesBuildPhase section */

/* Begin PBXTargetDependency section */
		B787A2E729B115970090FCF7 /* PBXTargetDependency */ = {
			isa = PBXTargetDependency;
			target = B787A2D429B115920090FCF7 /* SwiftUILearnings */;
			targetProxy = B787A2E629B115970090FCF7 /* PBXContainerItemProxy */;
		};
		B787A2F129B115970090FCF7 /* PBXTargetDependency */ = {
			isa = PBXTargetDependency;
			target = B787A2D429B115920090FCF7 /* SwiftUILearnings */;
			targetProxy = B787A2F029B115970090FCF7 /* PBXContainerItemProxy */;
		};
/* End PBXTargetDependency section */

/* Begin XCBuildConfiguration section */
		B787A2F729B115970090FCF7 /* Debug */ = {
			isa = XCBuildConfiguration;
			buildSettings = {
				ALWAYS_SEARCH_USER_PATHS = NO;
				CLANG_ANALYZER_NONNULL = YES;
				CLANG_ANALYZER_NUMBER_OBJECT_CONVERSION = YES_AGGRESSIVE;
				CLANG_CXX_LANGUAGE_STANDARD = "gnu++20";
				CLANG_ENABLE_MODULES = YES;
				CLANG_ENABLE_OBJC_ARC = YES;
				CLANG_ENABLE_OBJC_WEAK = YES;
				CLANG_WARN_BLOCK_CAPTURE_AUTORELEASING = YES;
				CLANG_WARN_BOOL_CONVERSION = YES;
				CLANG_WARN_COMMA = YES;
				CLANG_WARN_CONSTANT_CONVERSION = YES;
				CLANG_WARN_DEPRECATED_OBJC_IMPLEMENTATIONS = YES;
				CLANG_WARN_DIRECT_OBJC_ISA_USAGE = YES_ERROR;
				CLANG_WARN_DOCUMENTATION_COMMENTS = YES;
				CLANG_WARN_EMPTY_BODY = YES;
				CLANG_WARN_ENUM_CONVERSION = YES;
				CLANG_WARN_INFINITE_RECURSION = YES;
				CLANG_WARN_INT_CONVERSION = YES;
				CLANG_WARN_NON_LITERAL_NULL_CONVERSION = YES;
				CLANG_WARN_OBJC_IMPLICIT_RETAIN_SELF = YES;
				CLANG_WARN_OBJC_LITERAL_CONVERSION = YES;
				CLANG_WARN_OBJC_ROOT_CLASS = YES_ERROR;
				CLANG_WARN_QUOTED_INCLUDE_IN_FRAMEWORK_HEADER = YES;
				CLANG_WARN_RANGE_LOOP_ANALYSIS = YES;
				CLANG_WARN_STRICT_PROTOTYPES = YES;
				CLANG_WARN_SUSPICIOUS_MOVE = YES;
				CLANG_WARN_UNGUARDED_AVAILABILITY = YES_AGGRESSIVE;
				CLANG_WARN_UNREACHABLE_CODE = YES;
				CLANG_WARN__DUPLICATE_METHOD_MATCH = YES;
				COPY_PHASE_STRIP = NO;
				DEBUG_INFORMATION_FORMAT = dwarf;
				ENABLE_STRICT_OBJC_MSGSEND = YES;
				ENABLE_TESTABILITY = YES;
				GCC_C_LANGUAGE_STANDARD = gnu11;
				GCC_DYNAMIC_NO_PIC = NO;
				GCC_NO_COMMON_BLOCKS = YES;
				GCC_OPTIMIZATION_LEVEL = 0;
				GCC_PREPROCESSOR_DEFINITIONS = (
					"DEBUG=1",
					"$(inherited)",
				);
				GCC_WARN_64_TO_32_BIT_CONVERSION = YES;
				GCC_WARN_ABOUT_RETURN_TYPE = YES_ERROR;
				GCC_WARN_UNDECLARED_SELECTOR = YES;
				GCC_WARN_UNINITIALIZED_AUTOS = YES_AGGRESSIVE;
				GCC_WARN_UNUSED_FUNCTION = YES;
				GCC_WARN_UNUSED_VARIABLE = YES;
				IPHONEOS_DEPLOYMENT_TARGET = 16.2;
				MTL_ENABLE_DEBUG_INFO = INCLUDE_SOURCE;
				MTL_FAST_MATH = YES;
				ONLY_ACTIVE_ARCH = YES;
				SDKROOT = iphoneos;
				SWIFT_ACTIVE_COMPILATION_CONDITIONS = DEBUG;
				SWIFT_OPTIMIZATION_LEVEL = "-Onone";
			};
			name = Debug;
		};
		B787A2F829B115970090FCF7 /* Release */ = {
			isa = XCBuildConfiguration;
			buildSettings = {
				ALWAYS_SEARCH_USER_PATHS = NO;
				CLANG_ANALYZER_NONNULL = YES;
				CLANG_ANALYZER_NUMBER_OBJECT_CONVERSION = YES_AGGRESSIVE;
				CLANG_CXX_LANGUAGE_STANDARD = "gnu++20";
				CLANG_ENABLE_MODULES = YES;
				CLANG_ENABLE_OBJC_ARC = YES;
				CLANG_ENABLE_OBJC_WEAK = YES;
				CLANG_WARN_BLOCK_CAPTURE_AUTORELEASING = YES;
				CLANG_WARN_BOOL_CONVERSION = YES;
				CLANG_WARN_COMMA = YES;
				CLANG_WARN_CONSTANT_CONVERSION = YES;
				CLANG_WARN_DEPRECATED_OBJC_IMPLEMENTATIONS = YES;
				CLANG_WARN_DIRECT_OBJC_ISA_USAGE = YES_ERROR;
				CLANG_WARN_DOCUMENTATION_COMMENTS = YES;
				CLANG_WARN_EMPTY_BODY = YES;
				CLANG_WARN_ENUM_CONVERSION = YES;
				CLANG_WARN_INFINITE_RECURSION = YES;
				CLANG_WARN_INT_CONVERSION = YES;
				CLANG_WARN_NON_LITERAL_NULL_CONVERSION = YES;
				CLANG_WARN_OBJC_IMPLICIT_RETAIN_SELF = YES;
				CLANG_WARN_OBJC_LITERAL_CONVERSION = YES;
				CLANG_WARN_OBJC_ROOT_CLASS = YES_ERROR;
				CLANG_WARN_QUOTED_INCLUDE_IN_FRAMEWORK_HEADER = YES;
				CLANG_WARN_RANGE_LOOP_ANALYSIS = YES;
				CLANG_WARN_STRICT_PROTOTYPES = YES;
				CLANG_WARN_SUSPICIOUS_MOVE = YES;
				CLANG_WARN_UNGUARDED_AVAILABILITY = YES_AGGRESSIVE;
				CLANG_WARN_UNREACHABLE_CODE = YES;
				CLANG_WARN__DUPLICATE_METHOD_MATCH = YES;
				COPY_PHASE_STRIP = NO;
				DEBUG_INFORMATION_FORMAT = "dwarf-with-dsym";
				ENABLE_NS_ASSERTIONS = NO;
				ENABLE_STRICT_OBJC_MSGSEND = YES;
				GCC_C_LANGUAGE_STANDARD = gnu11;
				GCC_NO_COMMON_BLOCKS = YES;
				GCC_WARN_64_TO_32_BIT_CONVERSION = YES;
				GCC_WARN_ABOUT_RETURN_TYPE = YES_ERROR;
				GCC_WARN_UNDECLARED_SELECTOR = YES;
				GCC_WARN_UNINITIALIZED_AUTOS = YES_AGGRESSIVE;
				GCC_WARN_UNUSED_FUNCTION = YES;
				GCC_WARN_UNUSED_VARIABLE = YES;
				IPHONEOS_DEPLOYMENT_TARGET = 16.2;
				MTL_ENABLE_DEBUG_INFO = NO;
				MTL_FAST_MATH = YES;
				SDKROOT = iphoneos;
				SWIFT_COMPILATION_MODE = wholemodule;
				SWIFT_OPTIMIZATION_LEVEL = "-O";
				VALIDATE_PRODUCT = YES;
			};
			name = Release;
		};
		B787A2FA29B115970090FCF7 /* Debug */ = {
			isa = XCBuildConfiguration;
			buildSettings = {
				ASSETCATALOG_COMPILER_APPICON_NAME = AppIcon;
				ASSETCATALOG_COMPILER_GLOBAL_ACCENT_COLOR_NAME = AccentColor;
				CODE_SIGN_STYLE = Automatic;
				CURRENT_PROJECT_VERSION = 1;
				DEVELOPMENT_ASSET_PATHS = "\"SwiftUILearnings/Preview Content\"";
				DEVELOPMENT_TEAM = E7LWH9PU9H;
				ENABLE_PREVIEWS = YES;
				GENERATE_INFOPLIST_FILE = YES;
				INFOPLIST_FILE = SwiftUILearnings/Info.plist;
				INFOPLIST_KEY_NSCameraUsageDescription = "Using camera to explore ARKit";
				INFOPLIST_KEY_UIApplicationSceneManifest_Generation = YES;
				INFOPLIST_KEY_UIApplicationSupportsIndirectInputEvents = YES;
				INFOPLIST_KEY_UILaunchScreen_Generation = YES;
				INFOPLIST_KEY_UISupportedInterfaceOrientations_iPad = "UIInterfaceOrientationPortrait UIInterfaceOrientationPortraitUpsideDown UIInterfaceOrientationLandscapeLeft UIInterfaceOrientationLandscapeRight";
				INFOPLIST_KEY_UISupportedInterfaceOrientations_iPhone = "UIInterfaceOrientationPortrait UIInterfaceOrientationLandscapeLeft UIInterfaceOrientationLandscapeRight";
				LD_RUNPATH_SEARCH_PATHS = (
					"$(inherited)",
					"@executable_path/Frameworks",
				);
				MARKETING_VERSION = 1.0;
				PRODUCT_BUNDLE_IDENTIFIER = com.saurabh.SwiftUILearnings;
				PRODUCT_NAME = "$(TARGET_NAME)";
				SWIFT_EMIT_LOC_STRINGS = YES;
				SWIFT_VERSION = 5.0;
				TARGETED_DEVICE_FAMILY = "1,2";
			};
			name = Debug;
		};
		B787A2FB29B115970090FCF7 /* Release */ = {
			isa = XCBuildConfiguration;
			buildSettings = {
				ASSETCATALOG_COMPILER_APPICON_NAME = AppIcon;
				ASSETCATALOG_COMPILER_GLOBAL_ACCENT_COLOR_NAME = AccentColor;
				CODE_SIGN_STYLE = Automatic;
				CURRENT_PROJECT_VERSION = 1;
				DEVELOPMENT_ASSET_PATHS = "\"SwiftUILearnings/Preview Content\"";
				DEVELOPMENT_TEAM = E7LWH9PU9H;
				ENABLE_PREVIEWS = YES;
				GENERATE_INFOPLIST_FILE = YES;
				INFOPLIST_FILE = SwiftUILearnings/Info.plist;
				INFOPLIST_KEY_NSCameraUsageDescription = "Using camera to explore ARKit";
				INFOPLIST_KEY_UIApplicationSceneManifest_Generation = YES;
				INFOPLIST_KEY_UIApplicationSupportsIndirectInputEvents = YES;
				INFOPLIST_KEY_UILaunchScreen_Generation = YES;
				INFOPLIST_KEY_UISupportedInterfaceOrientations_iPad = "UIInterfaceOrientationPortrait UIInterfaceOrientationPortraitUpsideDown UIInterfaceOrientationLandscapeLeft UIInterfaceOrientationLandscapeRight";
				INFOPLIST_KEY_UISupportedInterfaceOrientations_iPhone = "UIInterfaceOrientationPortrait UIInterfaceOrientationLandscapeLeft UIInterfaceOrientationLandscapeRight";
				LD_RUNPATH_SEARCH_PATHS = (
					"$(inherited)",
					"@executable_path/Frameworks",
				);
				MARKETING_VERSION = 1.0;
				PRODUCT_BUNDLE_IDENTIFIER = com.saurabh.SwiftUILearnings;
				PRODUCT_NAME = "$(TARGET_NAME)";
				SWIFT_EMIT_LOC_STRINGS = YES;
				SWIFT_VERSION = 5.0;
				TARGETED_DEVICE_FAMILY = "1,2";
			};
			name = Release;
		};
		B787A2FD29B115970090FCF7 /* Debug */ = {
			isa = XCBuildConfiguration;
			buildSettings = {
				ALWAYS_EMBED_SWIFT_STANDARD_LIBRARIES = YES;
				BUNDLE_LOADER = "$(TEST_HOST)";
				CODE_SIGN_STYLE = Automatic;
				CURRENT_PROJECT_VERSION = 1;
				GENERATE_INFOPLIST_FILE = YES;
				IPHONEOS_DEPLOYMENT_TARGET = 16.2;
				MARKETING_VERSION = 1.0;
				PRODUCT_BUNDLE_IDENTIFIER = com.saurabh.SwiftUILearningsTests;
				PRODUCT_NAME = "$(TARGET_NAME)";
				SWIFT_EMIT_LOC_STRINGS = NO;
				SWIFT_VERSION = 5.0;
				TARGETED_DEVICE_FAMILY = "1,2";
				TEST_HOST = "$(BUILT_PRODUCTS_DIR)/SwiftUILearnings.app/$(BUNDLE_EXECUTABLE_FOLDER_PATH)/SwiftUILearnings";
			};
			name = Debug;
		};
		B787A2FE29B115970090FCF7 /* Release */ = {
			isa = XCBuildConfiguration;
			buildSettings = {
				ALWAYS_EMBED_SWIFT_STANDARD_LIBRARIES = YES;
				BUNDLE_LOADER = "$(TEST_HOST)";
				CODE_SIGN_STYLE = Automatic;
				CURRENT_PROJECT_VERSION = 1;
				GENERATE_INFOPLIST_FILE = YES;
				IPHONEOS_DEPLOYMENT_TARGET = 16.2;
				MARKETING_VERSION = 1.0;
				PRODUCT_BUNDLE_IDENTIFIER = com.saurabh.SwiftUILearningsTests;
				PRODUCT_NAME = "$(TARGET_NAME)";
				SWIFT_EMIT_LOC_STRINGS = NO;
				SWIFT_VERSION = 5.0;
				TARGETED_DEVICE_FAMILY = "1,2";
				TEST_HOST = "$(BUILT_PRODUCTS_DIR)/SwiftUILearnings.app/$(BUNDLE_EXECUTABLE_FOLDER_PATH)/SwiftUILearnings";
			};
			name = Release;
		};
		B787A30029B115970090FCF7 /* Debug */ = {
			isa = XCBuildConfiguration;
			buildSettings = {
				ALWAYS_EMBED_SWIFT_STANDARD_LIBRARIES = YES;
				CODE_SIGN_STYLE = Automatic;
				CURRENT_PROJECT_VERSION = 1;
				GENERATE_INFOPLIST_FILE = YES;
				MARKETING_VERSION = 1.0;
				PRODUCT_BUNDLE_IDENTIFIER = com.saurabh.SwiftUILearningsUITests;
				PRODUCT_NAME = "$(TARGET_NAME)";
				SWIFT_EMIT_LOC_STRINGS = NO;
				SWIFT_VERSION = 5.0;
				TARGETED_DEVICE_FAMILY = "1,2";
				TEST_TARGET_NAME = SwiftUILearnings;
			};
			name = Debug;
		};
		B787A30129B115970090FCF7 /* Release */ = {
			isa = XCBuildConfiguration;
			buildSettings = {
				ALWAYS_EMBED_SWIFT_STANDARD_LIBRARIES = YES;
				CODE_SIGN_STYLE = Automatic;
				CURRENT_PROJECT_VERSION = 1;
				GENERATE_INFOPLIST_FILE = YES;
				MARKETING_VERSION = 1.0;
				PRODUCT_BUNDLE_IDENTIFIER = com.saurabh.SwiftUILearningsUITests;
				PRODUCT_NAME = "$(TARGET_NAME)";
				SWIFT_EMIT_LOC_STRINGS = NO;
				SWIFT_VERSION = 5.0;
				TARGETED_DEVICE_FAMILY = "1,2";
				TEST_TARGET_NAME = SwiftUILearnings;
			};
			name = Release;
		};
/* End XCBuildConfiguration section */

/* Begin XCConfigurationList section */
		B787A2D029B115920090FCF7 /* Build configuration list for PBXProject "SwiftUILearnings" */ = {
			isa = XCConfigurationList;
			buildConfigurations = (
				B787A2F729B115970090FCF7 /* Debug */,
				B787A2F829B115970090FCF7 /* Release */,
			);
			defaultConfigurationIsVisible = 0;
			defaultConfigurationName = Release;
		};
		B787A2F929B115970090FCF7 /* Build configuration list for PBXNativeTarget "SwiftUILearnings" */ = {
			isa = XCConfigurationList;
			buildConfigurations = (
				B787A2FA29B115970090FCF7 /* Debug */,
				B787A2FB29B115970090FCF7 /* Release */,
			);
			defaultConfigurationIsVisible = 0;
			defaultConfigurationName = Release;
		};
		B787A2FC29B115970090FCF7 /* Build configuration list for PBXNativeTarget "SwiftUILearningsTests" */ = {
			isa = XCConfigurationList;
			buildConfigurations = (
				B787A2FD29B115970090FCF7 /* Debug */,
				B787A2FE29B115970090FCF7 /* Release */,
			);
			defaultConfigurationIsVisible = 0;
			defaultConfigurationName = Release;
		};
		B787A2FF29B115970090FCF7 /* Build configuration list for PBXNativeTarget "SwiftUILearningsUITests" */ = {
			isa = XCConfigurationList;
			buildConfigurations = (
				B787A30029B115970090FCF7 /* Debug */,
				B787A30129B115970090FCF7 /* Release */,
			);
			defaultConfigurationIsVisible = 0;
			defaultConfigurationName = Release;
		};
/* End XCConfigurationList section */
	};
	rootObject = B787A2CD29B115920090FCF7 /* Project object */;
}
