// !$*UTF8*$!
{
	archiveVersion = 1;
	classes = {
	};
	objectVersion = 56;
	objects = {

/* Begin PBXBuildFile section */
		B74CEA7029B1D4A8002CB043 /* BasicGeometryReaderView.swift in Sources */ = {isa = PBXBuildFile; fileRef = B74CEA6F29B1D4A8002CB043 /* BasicGeometryReaderView.swift */; };
		B76E261929B34F6D007977AB /* OpenURLsExternalBrowserExamplesView.swift in Sources */ = {isa = PBXBuildFile; fileRef = B76E261829B34F6D007977AB /* OpenURLsExternalBrowserExamplesView.swift */; };
		B787A2D929B115920090FCF7 /* SwiftUILearningsApp.swift in Sources */ = {isa = PBXBuildFile; fileRef = B787A2D829B115920090FCF7 /* SwiftUILearningsApp.swift */; };
		B787A2DB29B115920090FCF7 /* ContentView.swift in Sources */ = {isa = PBXBuildFile; fileRef = B787A2DA29B115920090FCF7 /* ContentView.swift */; };
		B787A2DD29B115960090FCF7 /* Assets.xcassets in Resources */ = {isa = PBXBuildFile; fileRef = B787A2DC29B115960090FCF7 /* Assets.xcassets */; };
		B787A2E029B115960090FCF7 /* Preview Assets.xcassets in Resources */ = {isa = PBXBuildFile; fileRef = B787A2DF29B115960090FCF7 /* Preview Assets.xcassets */; };
		B787A2EA29B115970090FCF7 /* SwiftUILearningsTests.swift in Sources */ = {isa = PBXBuildFile; fileRef = B787A2E929B115970090FCF7 /* SwiftUILearningsTests.swift */; };
		B787A2F429B115970090FCF7 /* SwiftUILearningsUITests.swift in Sources */ = {isa = PBXBuildFile; fileRef = B787A2F329B115970090FCF7 /* SwiftUILearningsUITests.swift */; };
		B787A2F629B115970090FCF7 /* SwiftUILearningsUITestsLaunchTests.swift in Sources */ = {isa = PBXBuildFile; fileRef = B787A2F529B115970090FCF7 /* SwiftUILearningsUITestsLaunchTests.swift */; };
		B7A76AB429B2601F00163BDC /* BasicWebContentTechnologiesView.swift in Sources */ = {isa = PBXBuildFile; fileRef = B7A76AB329B2601F00163BDC /* BasicWebContentTechnologiesView.swift */; };
/* End PBXBuildFile section */

/* Begin PBXContainerItemProxy section */
		B787A2E629B115970090FCF7 /* PBXContainerItemProxy */ = {
			isa = PBXContainerItemProxy;
			containerPortal = B787A2CD29B115920090FCF7 /* Project object */;
			proxyType = 1;
			remoteGlobalIDString = B787A2D429B115920090FCF7;
			remoteInfo = SwiftUILearnings;
		};
		B787A2F029B115970090FCF7 /* PBXContainerItemProxy */ = {
			isa = PBXContainerItemProxy;
			containerPortal = B787A2CD29B115920090FCF7 /* Project object */;
			proxyType = 1;
			remoteGlobalIDString = B787A2D429B115920090FCF7;
			remoteInfo = SwiftUILearnings;
		};
/* End PBXContainerItemProxy section */

/* Begin PBXFileReference section */
		B74CEA6F29B1D4A8002CB043 /* BasicGeometryReaderView.swift */ = {isa = PBXFileReference; lastKnownFileType = sourcecode.swift; path = BasicGeometryReaderView.swift; sourceTree = "<group>"; };
		B76E261729B33D90007977AB /* Info.plist */ = {isa = PBXFileReference; lastKnownFileType = text.plist; path = Info.plist; sourceTree = "<group>"; };
		B76E261829B34F6D007977AB /* OpenURLsExternalBrowserExamplesView.swift */ = {isa = PBXFileReference; lastKnownFileType = sourcecode.swift; path = OpenURLsExternalBrowserExamplesView.swift; sourceTree = "<group>"; };
		B787A2D529B115920090FCF7 /* SwiftUILearnings.app */ = {isa = PBXFileReference; explicitFileType = wrapper.application; includeInIndex = 0; path = SwiftUILearnings.app; sourceTree = BUILT_PRODUCTS_DIR; };
		B787A2D829B115920090FCF7 /* SwiftUILearningsApp.swift */ = {isa = PBXFileReference; lastKnownFileType = sourcecode.swift; path = SwiftUILearningsApp.swift; sourceTree = "<group>"; };
		B787A2DA29B115920090FCF7 /* ContentView.swift */ = {isa = PBXFileReference; lastKnownFileType = sourcecode.swift; path = ContentView.swift; sourceTree = "<group>"; };
		B787A2DC29B115960090FCF7 /* Assets.xcassets */ = {isa = PBXFileReference; lastKnownFileType = folder.assetcatalog; path = Assets.xcassets; sourceTree = "<group>"; };
		B787A2DF29B115960090FCF7 /* Preview Assets.xcassets */ = {isa = PBXFileReference; lastKnownFileType = folder.assetcatalog; path = "Preview Assets.xcassets"; sourceTree = "<group>"; };
		B787A2E529B115970090FCF7 /* SwiftUILearningsTests.xctest */ = {isa = PBXFileReference; explicitFileType = wrapper.cfbundle; includeInIndex = 0; path = SwiftUILearningsTests.xctest; sourceTree = BUILT_PRODUCTS_DIR; };
		B787A2E929B115970090FCF7 /* SwiftUILearningsTests.swift */ = {isa = PBXFileReference; lastKnownFileType = sourcecode.swift; path = SwiftUILearningsTests.swift; sourceTree = "<group>"; };
		B787A2EF29B115970090FCF7 /* SwiftUILearningsUITests.xctest */ = {isa = PBXFileReference; explicitFileType = wrapper.cfbundle; includeInIndex = 0; path = SwiftUILearningsUITests.xctest; sourceTree = BUILT_PRODUCTS_DIR; };
		B787A2F329B115970090FCF7 /* SwiftUILearningsUITests.swift */ = {isa = PBXFileReference; lastKnownFileType = sourcecode.swift; path = SwiftUILearningsUITests.swift; sourceTree = "<group>"; };
		B787A2F529B115970090FCF7 /* SwiftUILearningsUITestsLaunchTests.swift */ = {isa = PBXFileReference; lastKnownFileType = sourcecode.swift; path = SwiftUILearningsUITestsLaunchTests.swift; sourceTree = "<group>"; };
		B7A76AB329B2601F00163BDC /* BasicWebContentTechnologiesView.swift */ = {isa = PBXFileReference; lastKnownFileType = sourcecode.swift; path = BasicWebContentTechnologiesView.swift; sourceTree = "<group>"; };
/* End PBXFileReference section */

/* Begin PBXFrameworksBuildPhase section */
		B787A2D229B115920090FCF7 /* Frameworks */ = {
			isa = PBXFrameworksBuildPhase;
			buildActionMask = 2147483647;
			files = (
			);
			runOnlyForDeploymentPostprocessing = 0;
		};
		B787A2E229B115970090FCF7 /* Frameworks */ = {
			isa = PBXFrameworksBuildPhase;
			buildActionMask = 2147483647;
			files = (
			);
			runOnlyForDeploymentPostprocessing = 0;
		};
		B787A2EC29B115970090FCF7 /* Frameworks */ = {
			isa = PBXFrameworksBuildPhase;
			buildActionMask = 2147483647;
			files = (
			);
			runOnlyForDeploymentPostprocessing = 0;
		};
/* End PBXFrameworksBuildPhase section */

/* Begin PBXGroup section */
		B74CEA6C29B1CF31002CB043 /* GeometryReader */ = {
			isa = PBXGroup;
			children = (
				B74CEA6F29B1D4A8002CB043 /* BasicGeometryReaderView.swift */,
			);
			path = GeometryReader;
			sourceTree = "<group>";
		};
		B787A2CC29B115920090FCF7 = {
			isa = PBXGroup;
			children = (
				B787A2D729B115920090FCF7 /* SwiftUILearnings */,
				B787A2E829B115970090FCF7 /* SwiftUILearningsTests */,
				B787A2F229B115970090FCF7 /* SwiftUILearningsUITests */,
				B787A2D629B115920090FCF7 /* Products */,
			);
			sourceTree = "<group>";
		};
		B787A2D629B115920090FCF7 /* Products */ = {
			isa = PBXGroup;
			children = (
				B787A2D529B115920090FCF7 /* SwiftUILearnings.app */,
				B787A2E529B115970090FCF7 /* SwiftUILearningsTests.xctest */,
				B787A2EF29B115970090FCF7 /* SwiftUILearningsUITests.xctest */,
			);
			name = Products;
			sourceTree = "<group>";
		};
		B787A2D729B115920090FCF7 /* SwiftUILearnings */ = {
			isa = PBXGroup;
			children = (
				B76E261729B33D90007977AB /* Info.plist */,
				B7A76AB229B25FA500163BDC /* WebContentTechnologies */,
				B74CEA6C29B1CF31002CB043 /* GeometryReader */,
				B787A2D829B115920090FCF7 /* SwiftUILearningsApp.swift */,
				B787A2DA29B115920090FCF7 /* ContentView.swift */,
				B787A2DC29B115960090FCF7 /* Assets.xcassets */,
				B787A2DE29B115960090FCF7 /* Preview Content */,
			);
			path = SwiftUILearnings;
			sourceTree = "<group>";
		};
		B787A2DE29B115960090FCF7 /* Preview Content */ = {
			isa = PBXGroup;
			children = (
				B787A2DF29B115960090FCF7 /* Preview Assets.xcassets */,
			);
			path = "Preview Content";
			sourceTree = "<group>";
		};
		B787A2E829B115970090FCF7 /* SwiftUILearningsTests */ = {
			isa = PBXGroup;
			children = (
				B787A2E929B115970090FCF7 /* SwiftUILearningsTests.swift */,
			);
			path = SwiftUILearningsTests;
			sourceTree = "<group>";
		};
		B787A2F229B115970090FCF7 /* SwiftUILearningsUITests */ = {
			isa = PBXGroup;
			children = (
				B787A2F329B115970090FCF7 /* SwiftUILearningsUITests.swift */,
				B787A2F529B115970090FCF7 /* SwiftUILearningsUITestsLaunchTests.swift */,
			);
			path = SwiftUILearningsUITests;
			sourceTree = "<group>";
		};
		B7A76AB229B25FA500163BDC /* WebContentTechnologies */ = {
			isa = PBXGroup;
			children = (
				B7A76AB329B2601F00163BDC /* BasicWebContentTechnologiesView.swift */,
				B76E261829B34F6D007977AB /* OpenURLsExternalBrowserExamplesView.swift */,
			);
			path = WebContentTechnologies;
			sourceTree = "<group>";
		};
/* End PBXGroup section */

/* Begin PBXNativeTarget section */
		B787A2D429B115920090FCF7 /* SwiftUILearnings */ = {
			isa = PBXNativeTarget;
			buildConfigurationList = B787A2F929B115970090FCF7 /* Build configuration list for PBXNativeTarget "SwiftUILearnings" */;
			buildPhases = (
				B787A2D129B115920090FCF7 /* Sources */,
				B787A2D229B115920090FCF7 /* Frameworks */,
				B787A2D329B115920090FCF7 /* Resources */,
			);
			buildRules = (
			);
			dependencies = (
			);
			name = SwiftUILearnings;
			productName = SwiftUILearnings;
			productReference = B787A2D529B115920090FCF7 /* SwiftUILearnings.app */;
			productType = "com.apple.product-type.application";
		};
		B787A2E429B115970090FCF7 /* SwiftUILearningsTests */ = {
			isa = PBXNativeTarget;
			buildConfigurationList = B787A2FC29B115970090FCF7 /* Build configuration list for PBXNativeTarget "SwiftUILearningsTests" */;
			buildPhases = (
				B787A2E129B115970090FCF7 /* Sources */,
				B787A2E229B115970090FCF7 /* Frameworks */,
				B787A2E329B115970090FCF7 /* Resources */,
			);
			buildRules = (
			);
			dependencies = (
				B787A2E729B115970090FCF7 /* PBXTargetDependency */,
			);
			name = SwiftUILearningsTests;
			productName = SwiftUILearningsTests;
			productReference = B787A2E529B115970090FCF7 /* SwiftUILearningsTests.xctest */;
			productType = "com.apple.product-type.bundle.unit-test";
		};
		B787A2EE29B115970090FCF7 /* SwiftUILearningsUITests */ = {
			isa = PBXNativeTarget;
			buildConfigurationList = B787A2FF29B115970090FCF7 /* Build configuration list for PBXNativeTarget "SwiftUILearningsUITests" */;
			buildPhases = (
				B787A2EB29B115970090FCF7 /* Sources */,
				B787A2EC29B115970090FCF7 /* Frameworks */,
				B787A2ED29B115970090FCF7 /* Resources */,
			);
			buildRules = (
			);
			dependencies = (
				B787A2F129B115970090FCF7 /* PBXTargetDependency */,
			);
			name = SwiftUILearningsUITests;
			productName = SwiftUILearningsUITests;
			productReference = B787A2EF29B115970090FCF7 /* SwiftUILearningsUITests.xctest */;
			productType = "com.apple.product-type.bundle.ui-testing";
		};
/* End PBXNativeTarget section */

/* Begin PBXProject section */
		B787A2CD29B115920090FCF7 /* Project object */ = {
			isa = PBXProject;
			attributes = {
				BuildIndependentTargetsInParallel = 1;
				LastSwiftUpdateCheck = 1420;
				LastUpgradeCheck = 1420;
				TargetAttributes = {
					B787A2D429B115920090FCF7 = {
						CreatedOnToolsVersion = 14.2;
					};
					B787A2E429B115970090FCF7 = {
						CreatedOnToolsVersion = 14.2;
						TestTargetID = B787A2D429B115920090FCF7;
					};
					B787A2EE29B115970090FCF7 = {
						CreatedOnToolsVersion = 14.2;
						TestTargetID = B787A2D429B115920090FCF7;
					};
				};
			};
			buildConfigurationList = B787A2D029B115920090FCF7 /* Build configuration list for PBXProject "SwiftUILearnings" */;
			compatibilityVersion = "Xcode 14.0";
			developmentRegion = en;
			hasScannedForEncodings = 0;
			knownRegions = (
				en,
				Base,
			);
			mainGroup = B787A2CC29B115920090FCF7;
			productRefGroup = B787A2D629B115920090FCF7 /* Products */;
			projectDirPath = "";
			projectRoot = "";
			targets = (
				B787A2D429B115920090FCF7 /* SwiftUILearnings */,
				B787A2E429B115970090FCF7 /* SwiftUILearningsTests */,
				B787A2EE29B115970090FCF7 /* SwiftUILearningsUITests */,
			);
		};
/* End PBXProject section */

/* Begin PBXResourcesBuildPhase section */
		B787A2D329B115920090FCF7 /* Resources */ = {
			isa = PBXResourcesBuildPhase;
			buildActionMask = 2147483647;
			files = (
				B787A2E029B115960090FCF7 /* Preview Assets.xcassets in Resources */,
				B787A2DD29B115960090FCF7 /* Assets.xcassets in Resources */,
			);
			runOnlyForDeploymentPostprocessing = 0;
		};
		B787A2E329B115970090FCF7 /* Resources */ = {
			isa = PBXResourcesBuildPhase;
			buildActionMask = 2147483647;
			files = (
			);
			runOnlyForDeploymentPostprocessing = 0;
		};
		B787A2ED29B115970090FCF7 /* Resources */ = {
			isa = PBXResourcesBuildPhase;
			buildActionMask = 2147483647;
			files = (
			);
			runOnlyForDeploymentPostprocessing = 0;
		};
/* End PBXResourcesBuildPhase section */

/* Begin PBXSourcesBuildPhase section */
		B787A2D129B115920090FCF7 /* Sources */ = {
			isa = PBXSourcesBuildPhase;
			buildActionMask = 2147483647;
			files = (
				B76E261929B34F6D007977AB /* OpenURLsExternalBrowserExamplesView.swift in Sources */,
				B74CEA7029B1D4A8002CB043 /* BasicGeometryReaderView.swift in Sources */,
				B787A2DB29B115920090FCF7 /* ContentView.swift in Sources */,
				B7A76AB429B2601F00163BDC /* BasicWebContentTechnologiesView.swift in Sources */,
				B787A2D929B115920090FCF7 /* SwiftUILearningsApp.swift in Sources */,
			);
			runOnlyForDeploymentPostprocessing = 0;
		};
		B787A2E129B115970090FCF7 /* Sources */ = {
			isa = PBXSourcesBuildPhase;
			buildActionMask = 2147483647;
			files = (
				B787A2EA29B115970090FCF7 /* SwiftUILearningsTests.swift in Sources */,
			);
			runOnlyForDeploymentPostprocessing = 0;
		};
		B787A2EB29B115970090FCF7 /* Sources */ = {
			isa = PBXSourcesBuildPhase;
			buildActionMask = 2147483647;
			files = (
				B787A2F629B115970090FCF7 /* SwiftUILearningsUITestsLaunchTests.swift in Sources */,
				B787A2F429B115970090FCF7 /* SwiftUILearningsUITests.swift in Sources */,
			);
			runOnlyForDeploymentPostprocessing = 0;
		};
/* End PBXSourcesBuildPhase section */

/* Begin PBXTargetDependency section */
		B787A2E729B115970090FCF7 /* PBXTargetDependency */ = {
			isa = PBXTargetDependency;
			target = B787A2D429B115920090FCF7 /* SwiftUILearnings */;
			targetProxy = B787A2E629B115970090FCF7 /* PBXContainerItemProxy */;
		};
		B787A2F129B115970090FCF7 /* PBXTargetDependency */ = {
			isa = PBXTargetDependency;
			target = B787A2D429B115920090FCF7 /* SwiftUILearnings */;
			targetProxy = B787A2F029B115970090FCF7 /* PBXContainerItemProxy */;
		};
/* End PBXTargetDependency section */

/* Begin XCBuildConfiguration section */
		B787A2F729B115970090FCF7 /* Debug */ = {
			isa = XCBuildConfiguration;
			buildSettings = {
				ALWAYS_SEARCH_USER_PATHS = NO;
				CLANG_ANALYZER_NONNULL = YES;
				CLANG_ANALYZER_NUMBER_OBJECT_CONVERSION = YES_AGGRESSIVE;
				CLANG_CXX_LANGUAGE_STANDARD = "gnu++20";
				CLANG_ENABLE_MODULES = YES;
				CLANG_ENABLE_OBJC_ARC = YES;
				CLANG_ENABLE_OBJC_WEAK = YES;
				CLANG_WARN_BLOCK_CAPTURE_AUTORELEASING = YES;
				CLANG_WARN_BOOL_CONVERSION = YES;
				CLANG_WARN_COMMA = YES;
				CLANG_WARN_CONSTANT_CONVERSION = YES;
				CLANG_WARN_DEPRECATED_OBJC_IMPLEMENTATIONS = YES;
				CLANG_WARN_DIRECT_OBJC_ISA_USAGE = YES_ERROR;
				CLANG_WARN_DOCUMENTATION_COMMENTS = YES;
				CLANG_WARN_EMPTY_BODY = YES;
				CLANG_WARN_ENUM_CONVERSION = YES;
				CLANG_WARN_INFINITE_RECURSION = YES;
				CLANG_WARN_INT_CONVERSION = YES;
				CLANG_WARN_NON_LITERAL_NULL_CONVERSION = YES;
				CLANG_WARN_OBJC_IMPLICIT_RETAIN_SELF = YES;
				CLANG_WARN_OBJC_LITERAL_CONVERSION = YES;
				CLANG_WARN_OBJC_ROOT_CLASS = YES_ERROR;
				CLANG_WARN_QUOTED_INCLUDE_IN_FRAMEWORK_HEADER = YES;
				CLANG_WARN_RANGE_LOOP_ANALYSIS = YES;
				CLANG_WARN_STRICT_PROTOTYPES = YES;
				CLANG_WARN_SUSPICIOUS_MOVE = YES;
				CLANG_WARN_UNGUARDED_AVAILABILITY = YES_AGGRESSIVE;
				CLANG_WARN_UNREACHABLE_CODE = YES;
				CLANG_WARN__DUPLICATE_METHOD_MATCH = YES;
				COPY_PHASE_STRIP = NO;
				DEBUG_INFORMATION_FORMAT = dwarf;
				ENABLE_STRICT_OBJC_MSGSEND = YES;
				ENABLE_TESTABILITY = YES;
				GCC_C_LANGUAGE_STANDARD = gnu11;
				GCC_DYNAMIC_NO_PIC = NO;
				GCC_NO_COMMON_BLOCKS = YES;
				GCC_OPTIMIZATION_LEVEL = 0;
				GCC_PREPROCESSOR_DEFINITIONS = (
					"DEBUG=1",
					"$(inherited)",
				);
				GCC_WARN_64_TO_32_BIT_CONVERSION = YES;
				GCC_WARN_ABOUT_RETURN_TYPE = YES_ERROR;
				GCC_WARN_UNDECLARED_SELECTOR = YES;
				GCC_WARN_UNINITIALIZED_AUTOS = YES_AGGRESSIVE;
				GCC_WARN_UNUSED_FUNCTION = YES;
				GCC_WARN_UNUSED_VARIABLE = YES;
				IPHONEOS_DEPLOYMENT_TARGET = 16.2;
				MTL_ENABLE_DEBUG_INFO = INCLUDE_SOURCE;
				MTL_FAST_MATH = YES;
				ONLY_ACTIVE_ARCH = YES;
				SDKROOT = iphoneos;
				SWIFT_ACTIVE_COMPILATION_CONDITIONS = DEBUG;
				SWIFT_OPTIMIZATION_LEVEL = "-Onone";
			};
			name = Debug;
		};
		B787A2F829B115970090FCF7 /* Release */ = {
			isa = XCBuildConfiguration;
			buildSettings = {
				ALWAYS_SEARCH_USER_PATHS = NO;
				CLANG_ANALYZER_NONNULL = YES;
				CLANG_ANALYZER_NUMBER_OBJECT_CONVERSION = YES_AGGRESSIVE;
				CLANG_CXX_LANGUAGE_STANDARD = "gnu++20";
				CLANG_ENABLE_MODULES = YES;
				CLANG_ENABLE_OBJC_ARC = YES;
				CLANG_ENABLE_OBJC_WEAK = YES;
				CLANG_WARN_BLOCK_CAPTURE_AUTORELEASING = YES;
				CLANG_WARN_BOOL_CONVERSION = YES;
				CLANG_WARN_COMMA = YES;
				CLANG_WARN_CONSTANT_CONVERSION = YES;
				CLANG_WARN_DEPRECATED_OBJC_IMPLEMENTATIONS = YES;
				CLANG_WARN_DIRECT_OBJC_ISA_USAGE = YES_ERROR;
				CLANG_WARN_DOCUMENTATION_COMMENTS = YES;
				CLANG_WARN_EMPTY_BODY = YES;
				CLANG_WARN_ENUM_CONVERSION = YES;
				CLANG_WARN_INFINITE_RECURSION = YES;
				CLANG_WARN_INT_CONVERSION = YES;
				CLANG_WARN_NON_LITERAL_NULL_CONVERSION = YES;
				CLANG_WARN_OBJC_IMPLICIT_RETAIN_SELF = YES;
				CLANG_WARN_OBJC_LITERAL_CONVERSION = YES;
				CLANG_WARN_OBJC_ROOT_CLASS = YES_ERROR;
				CLANG_WARN_QUOTED_INCLUDE_IN_FRAMEWORK_HEADER = YES;
				CLANG_WARN_RANGE_LOOP_ANALYSIS = YES;
				CLANG_WARN_STRICT_PROTOTYPES = YES;
				CLANG_WARN_SUSPICIOUS_MOVE = YES;
				CLANG_WARN_UNGUARDED_AVAILABILITY = YES_AGGRESSIVE;
				CLANG_WARN_UNREACHABLE_CODE = YES;
				CLANG_WARN__DUPLICATE_METHOD_MATCH = YES;
				COPY_PHASE_STRIP = NO;
				DEBUG_INFORMATION_FORMAT = "dwarf-with-dsym";
				ENABLE_NS_ASSERTIONS = NO;
				ENABLE_STRICT_OBJC_MSGSEND = YES;
				GCC_C_LANGUAGE_STANDARD = gnu11;
				GCC_NO_COMMON_BLOCKS = YES;
				GCC_WARN_64_TO_32_BIT_CONVERSION = YES;
				GCC_WARN_ABOUT_RETURN_TYPE = YES_ERROR;
				GCC_WARN_UNDECLARED_SELECTOR = YES;
				GCC_WARN_UNINITIALIZED_AUTOS = YES_AGGRESSIVE;
				GCC_WARN_UNUSED_FUNCTION = YES;
				GCC_WARN_UNUSED_VARIABLE = YES;
				IPHONEOS_DEPLOYMENT_TARGET = 16.2;
				MTL_ENABLE_DEBUG_INFO = NO;
				MTL_FAST_MATH = YES;
				SDKROOT = iphoneos;
				SWIFT_COMPILATION_MODE = wholemodule;
				SWIFT_OPTIMIZATION_LEVEL = "-O";
				VALIDATE_PRODUCT = YES;
			};
			name = Release;
		};
		B787A2FA29B115970090FCF7 /* Debug */ = {
			isa = XCBuildConfiguration;
			buildSettings = {
				ASSETCATALOG_COMPILER_APPICON_NAME = AppIcon;
				ASSETCATALOG_COMPILER_GLOBAL_ACCENT_COLOR_NAME = AccentColor;
				CODE_SIGN_STYLE = Automatic;
				CURRENT_PROJECT_VERSION = 1;
				DEVELOPMENT_ASSET_PATHS = "\"SwiftUILearnings/Preview Content\"";
				ENABLE_PREVIEWS = YES;
				GENERATE_INFOPLIST_FILE = YES;
				INFOPLIST_FILE = SwiftUILearnings/Info.plist;
				INFOPLIST_KEY_UIApplicationSupportsIndirectInputEvents = YES;
				INFOPLIST_KEY_UILaunchScreen_Generation = YES;
				INFOPLIST_KEY_UISupportedInterfaceOrientations_iPad = "UIInterfaceOrientationPortrait UIInterfaceOrientationPortraitUpsideDown UIInterfaceOrientationLandscapeLeft UIInterfaceOrientationLandscapeRight";
				INFOPLIST_KEY_UISupportedInterfaceOrientations_iPhone = "UIInterfaceOrientationPortrait UIInterfaceOrientationLandscapeLeft UIInterfaceOrientationLandscapeRight";
				LD_RUNPATH_SEARCH_PATHS = (
					"$(inherited)",
					"@executable_path/Frameworks",
				);
				MARKETING_VERSION = 1.0;
				PRODUCT_BUNDLE_IDENTIFIER = com.saurabh.SwiftUILearnings;
				PRODUCT_NAME = "$(TARGET_NAME)";
				SWIFT_EMIT_LOC_STRINGS = YES;
				SWIFT_VERSION = 5.0;
				TARGETED_DEVICE_FAMILY = "1,2";
			};
			name = Debug;
		};
		B787A2FB29B115970090FCF7 /* Release */ = {
			isa = XCBuildConfiguration;
			buildSettings = {
				ASSETCATALOG_COMPILER_APPICON_NAME = AppIcon;
				ASSETCATALOG_COMPILER_GLOBAL_ACCENT_COLOR_NAME = AccentColor;
				CODE_SIGN_STYLE = Automatic;
				CURRENT_PROJECT_VERSION = 1;
				DEVELOPMENT_ASSET_PATHS = "\"SwiftUILearnings/Preview Content\"";
				ENABLE_PREVIEWS = YES;
				GENERATE_INFOPLIST_FILE = YES;
				INFOPLIST_FILE = SwiftUILearnings/Info.plist;
				INFOPLIST_KEY_UIApplicationSupportsIndirectInputEvents = YES;
				INFOPLIST_KEY_UILaunchScreen_Generation = YES;
				INFOPLIST_KEY_UISupportedInterfaceOrientations_iPad = "UIInterfaceOrientationPortrait UIInterfaceOrientationPortraitUpsideDown UIInterfaceOrientationLandscapeLeft UIInterfaceOrientationLandscapeRight";
				INFOPLIST_KEY_UISupportedInterfaceOrientations_iPhone = "UIInterfaceOrientationPortrait UIInterfaceOrientationLandscapeLeft UIInterfaceOrientationLandscapeRight";
				LD_RUNPATH_SEARCH_PATHS = (
					"$(inherited)",
					"@executable_path/Frameworks",
				);
				MARKETING_VERSION = 1.0;
				PRODUCT_BUNDLE_IDENTIFIER = com.saurabh.SwiftUILearnings;
				PRODUCT_NAME = "$(TARGET_NAME)";
				SWIFT_EMIT_LOC_STRINGS = YES;
				SWIFT_VERSION = 5.0;
				TARGETED_DEVICE_FAMILY = "1,2";
			};
			name = Release;
		};
		B787A2FD29B115970090FCF7 /* Debug */ = {
			isa = XCBuildConfiguration;
			buildSettings = {
				ALWAYS_EMBED_SWIFT_STANDARD_LIBRARIES = YES;
				BUNDLE_LOADER = "$(TEST_HOST)";
				CODE_SIGN_STYLE = Automatic;
				CURRENT_PROJECT_VERSION = 1;
				GENERATE_INFOPLIST_FILE = YES;
				IPHONEOS_DEPLOYMENT_TARGET = 16.2;
				MARKETING_VERSION = 1.0;
				PRODUCT_BUNDLE_IDENTIFIER = com.saurabh.SwiftUILearningsTests;
				PRODUCT_NAME = "$(TARGET_NAME)";
				SWIFT_EMIT_LOC_STRINGS = NO;
				SWIFT_VERSION = 5.0;
				TARGETED_DEVICE_FAMILY = "1,2";
				TEST_HOST = "$(BUILT_PRODUCTS_DIR)/SwiftUILearnings.app/$(BUNDLE_EXECUTABLE_FOLDER_PATH)/SwiftUILearnings";
			};
			name = Debug;
		};
		B787A2FE29B115970090FCF7 /* Release */ = {
			isa = XCBuildConfiguration;
			buildSettings = {
				ALWAYS_EMBED_SWIFT_STANDARD_LIBRARIES = YES;
				BUNDLE_LOADER = "$(TEST_HOST)";
				CODE_SIGN_STYLE = Automatic;
				CURRENT_PROJECT_VERSION = 1;
				GENERATE_INFOPLIST_FILE = YES;
				IPHONEOS_DEPLOYMENT_TARGET = 16.2;
				MARKETING_VERSION = 1.0;
				PRODUCT_BUNDLE_IDENTIFIER = com.saurabh.SwiftUILearningsTests;
				PRODUCT_NAME = "$(TARGET_NAME)";
				SWIFT_EMIT_LOC_STRINGS = NO;
				SWIFT_VERSION = 5.0;
				TARGETED_DEVICE_FAMILY = "1,2";
				TEST_HOST = "$(BUILT_PRODUCTS_DIR)/SwiftUILearnings.app/$(BUNDLE_EXECUTABLE_FOLDER_PATH)/SwiftUILearnings";
			};
			name = Release;
		};
		B787A30029B115970090FCF7 /* Debug */ = {
			isa = XCBuildConfiguration;
			buildSettings = {
				ALWAYS_EMBED_SWIFT_STANDARD_LIBRARIES = YES;
				CODE_SIGN_STYLE = Automatic;
				CURRENT_PROJECT_VERSION = 1;
				GENERATE_INFOPLIST_FILE = YES;
				MARKETING_VERSION = 1.0;
				PRODUCT_BUNDLE_IDENTIFIER = com.saurabh.SwiftUILearningsUITests;
				PRODUCT_NAME = "$(TARGET_NAME)";
				SWIFT_EMIT_LOC_STRINGS = NO;
				SWIFT_VERSION = 5.0;
				TARGETED_DEVICE_FAMILY = "1,2";
				TEST_TARGET_NAME = SwiftUILearnings;
			};
			name = Debug;
		};
		B787A30129B115970090FCF7 /* Release */ = {
			isa = XCBuildConfiguration;
			buildSettings = {
				ALWAYS_EMBED_SWIFT_STANDARD_LIBRARIES = YES;
				CODE_SIGN_STYLE = Automatic;
				CURRENT_PROJECT_VERSION = 1;
				GENERATE_INFOPLIST_FILE = YES;
				MARKETING_VERSION = 1.0;
				PRODUCT_BUNDLE_IDENTIFIER = com.saurabh.SwiftUILearningsUITests;
				PRODUCT_NAME = "$(TARGET_NAME)";
				SWIFT_EMIT_LOC_STRINGS = NO;
				SWIFT_VERSION = 5.0;
				TARGETED_DEVICE_FAMILY = "1,2";
				TEST_TARGET_NAME = SwiftUILearnings;
			};
			name = Release;
		};
/* End XCBuildConfiguration section */

/* Begin XCConfigurationList section */
		B787A2D029B115920090FCF7 /* Build configuration list for PBXProject "SwiftUILearnings" */ = {
			isa = XCConfigurationList;
			buildConfigurations = (
				B787A2F729B115970090FCF7 /* Debug */,
				B787A2F829B115970090FCF7 /* Release */,
			);
			defaultConfigurationIsVisible = 0;
			defaultConfigurationName = Release;
		};
		B787A2F929B115970090FCF7 /* Build configuration list for PBXNativeTarget "SwiftUILearnings" */ = {
			isa = XCConfigurationList;
			buildConfigurations = (
				B787A2FA29B115970090FCF7 /* Debug */,
				B787A2FB29B115970090FCF7 /* Release */,
			);
			defaultConfigurationIsVisible = 0;
			defaultConfigurationName = Release;
		};
		B787A2FC29B115970090FCF7 /* Build configuration list for PBXNativeTarget "SwiftUILearningsTests" */ = {
			isa = XCConfigurationList;
			buildConfigurations = (
				B787A2FD29B115970090FCF7 /* Debug */,
				B787A2FE29B115970090FCF7 /* Release */,
			);
			defaultConfigurationIsVisible = 0;
			defaultConfigurationName = Release;
		};
		B787A2FF29B115970090FCF7 /* Build configuration list for PBXNativeTarget "SwiftUILearningsUITests" */ = {
			isa = XCConfigurationList;
			buildConfigurations = (
				B787A30029B115970090FCF7 /* Debug */,
				B787A30129B115970090FCF7 /* Release */,
			);
			defaultConfigurationIsVisible = 0;
			defaultConfigurationName = Release;
		};
/* End XCConfigurationList section */
	};
	rootObject = B787A2CD29B115920090FCF7 /* Project object */;
}
