{
  "originHash" : "405c079a20e3ea0bc6df6eda560c194074f12473e61259667c2bea481c1c0328",
  "pins" : [
    {
      "identity" : "swift-algorithms",
      "kind" : "remoteSourceControl",
      "location" : "https://github.com/saurabh1088/swift-algorithms.git",
      "state" : {
        "branch" : "main",
        "revision" : "70b5fc6c3beff4c81144a5f675f881575fda88ee"
      }
    },
    {
      "identity" : "swift-networking",
      "kind" : "remoteSourceControl",
      "location" : "git@github.com:saurabh1088/swift-networking.git",
      "state" : {
        "branch" : "main",
        "revision" : "bdb0346e10169d1d9a2ac6572a0e07b316a083f9"
      }
    },
    {
      "identity" : "swift-ui-views-helper",
      "kind" : "remoteSourceControl",
      "location" : "https://github.com/saurabh1088/swift-ui-views-helper.git",
      "state" : {
        "branch" : "main",
        "revision" : "7b2081ef20458af373c27c8d62437fc643ee43c3"
      }
    }
  ],
  "version" : 3
}
