{
  "originHash" : "0e1b2375ee40a4aa881bc31556c946f57ceb0743aedd427686f8ba5168f877d5",
  "pins" : [
    {
      "identity" : "swift-algorithms",
      "kind" : "remoteSourceControl",
      "location" : "https://github.com/saurabh1088/swift-algorithms.git",
      "state" : {
        "branch" : "main",
        "revision" : "70b5fc6c3beff4c81144a5f675f881575fda88ee"
      }
    },
    {
      "identity" : "swift-ui-views-helper",
      "kind" : "remoteSourceControl",
      "location" : "https://github.com/saurabh1088/swift-ui-views-helper.git",
      "state" : {
        "branch" : "main",
        "revision" : "e553e6b49d0e8c6f8417a1ca33d1e1e583e111b7"
      }
    }
  ],
  "version" : 3
}
