{
  "originHash" : "d6f57a5260e7f97829cc728be1a3f94ffbda9b5d4bf526d901c1bf7d641ff6d4",
  "pins" : [
    {
      "identity" : "swift-algorithms",
      "kind" : "remoteSourceControl",
      "location" : "https://github.com/saurabh1088/swift-algorithms.git",
      "state" : {
        "branch" : "main",
        "revision" : "70b5fc6c3beff4c81144a5f675f881575fda88ee"
      }
    },
    {
      "identity" : "swift-ui-views-helper",
      "kind" : "remoteSourceControl",
      "location" : "https://github.com/saurabh1088/swift-ui-views-helper.git",
      "state" : {
        "branch" : "main",
        "revision" : "c177a323e018a9bc362dfc342cb74b92ad0511c0"
      }
    }
  ],
  "version" : 3
}
